
Microsoft Visual Studio Solution File, Format Version 9.00
# Visual Studio 2005
Project("{FAE04EC0-301F-11D3-BF4B-00C04F79EFBC}") = "Elevate", "Elevate.csproj", "{BD74E8AB-E9A5-4083-AA0D-D09EADC0A8A7}"
EndProject
Global
	GlobalSection(SolutionConfigurationPlatforms) = preSolution
		Debug|Any CPU = Debug|Any CPU
		Release|Any CPU = Release|Any CPU
	EndGlobalSection
	GlobalSection(ProjectConfigurationPlatforms) = postSolution
		{BD74E8AB-E9A5-4083-AA0D-D09EADC0A8A7}.Debug|Any CPU.ActiveCfg = Debug|Any CPU
		{BD74E8AB-E9A5-4083-AA0D-D09EADC0A8A7}.Debug|Any CPU.Build.0 = Debug|Any CPU
		{BD74E8AB-E9A5-4083-AA0D-D09EADC0A8A7}.Release|Any CPU.ActiveCfg = Release|Any CPU
		{BD74E8AB-E9A5-4083-AA0D-D09EADC0A8A7}.Release|Any CPU.Build.0 = Release|Any CPU
	EndGlobalSection
	GlobalSection(SolutionProperties) = preSolution
		HideSolutionNode = FALSE
	EndGlobalSection
EndGlobal
